
There are several Linux distributions available for the Raspberry Pi, and the ease of installation can vary depending on your familiarity with the Linux ecosystem and your specific requirements. However, one of the most popular and beginner-friendly Linux distributions for Raspberry Pi is "Raspberry Pi OS" (formerly known as "Raspbian").

Raspberry Pi OS is the official operating system provided by the Raspberry Pi Foundation. It is specifically designed for the Raspberry Pi hardware and offers a user-friendly experience, making it a great choice for beginners. Raspberry Pi OS comes with a graphical desktop environment, pre-installed software, and a user-friendly installer.

To install Raspberry Pi OS, you can follow these steps:

1. Download the Raspberry Pi OS image from the official website (https://www.raspberrypi.org/software/operating-systems/).

2. Write the downloaded image to an SD card using a tool like Etcher (https://www.balena.io/etcher/).

3. Insert the SD card into your Raspberry Pi.

4. Connect peripherals like a keyboard, mouse, and monitor to your Raspberry Pi.

5. Power on the Raspberry Pi, and the installer will guide you through the setup process.

The Raspberry Pi OS installer provides a straightforward installation process, making it relatively easy for beginners to get started. It also offers a user-friendly desktop environment with pre-installed software and tools tailored for Raspberry Pi.

Other Linux distributions, such as Ubuntu, Fedora, and Arch Linux, also offer support for Raspberry Pi, but they might require more advanced technical knowledge and have different installation procedures. If you are already familiar with a particular Linux distribution, you can explore its availability for the Raspberry Pi and follow the installation instructions provided by the respective distribution.

Ultimately, the easiest Linux distribution to install on a Raspberry Pi depends on your familiarity with Linux and your specific needs. Raspberry Pi OS is often recommended for beginners due to its user-friendly nature and extensive community support.

