
Ordered sets, also known as sorted sets, provide a specific ordering of elements while maintaining the uniqueness property. Here are a couple of examples where ordered sets can help us solve real-world problems:

1. Ranking and Leaderboards:
   Ordered sets are valuable for scenarios that involve ranking or leaderboards. For example, in a game or competition application, you may want to maintain a leaderboard of players based on their scores. By using an ordered set, you can store the scores as elements and maintain the ordering based on the score value. This allows you to quickly determine the top-ranked players and perform operations like finding the highest or lowest scores.

2. Event Scheduling and Time-based Operations:
   In applications that deal with scheduling events or time-based operations, ordered sets can be helpful. For instance, in a calendar or task management application, you might need to maintain a sorted list of upcoming events based on their scheduled time. An ordered set allows you to store the events and keep them in chronological order, making it easy to retrieve or process events based on their occurrence time.

3. Range Queries and Interval Operations:
   Ordered sets enable efficient range queries and interval operations. For example, consider a system that stores events with start and end timestamps. With an ordered set, you can organize the events based on their start time, allowing you to quickly find events that fall within a specific time range or perform interval operations like finding overlapping events.

4. Prioritization and Job Scheduling:
   Ordered sets are useful for prioritization and job scheduling scenarios. For instance, in a task management system, you might assign priority values to tasks, and you want to execute them in a specific order. An ordered set allows you to store the tasks based on their priority, ensuring that higher-priority tasks are executed first. This enables efficient prioritization and job scheduling algorithms.

5. Data Stream Processing and Sliding Windows:
   In scenarios involving data stream processing or sliding windows, ordered sets can be advantageous. For example, when analyzing real-time data streams, you may want to maintain a fixed-size sliding window of the most recent elements. An ordered set allows you to insert new elements while automatically evicting the oldest elements, maintaining the ordering based on their arrival time. This facilitates efficient sliding window operations and analysis.

These examples illustrate how ordered sets can help us solve real-world problems that require specific ordering of elements, such as ranking, scheduling, range queries, prioritization, and data stream processing. The ordered nature of the sets provides benefits in terms of efficient operations and convenient access to elements based on their order.

