
The function commonly used for direct pixel plotting is typically `memcpy()` rather than `memset()`. While `memset()` is useful for setting memory regions to a specific value, `memcpy()` is used for efficiently copying pixel data from one memory location to another.

In the context of pixel plotting, the typical approach involves creating a pixel buffer or framebuffer, representing the image or screen, as a contiguous block of memory. To plot a pixel at a specific position, the pixel value (color) is set in the appropriate memory location using `memcpy()` or a similar function.

For example, assuming a pixel buffer represented as a 2D array `pixels[row][column]` and a pixel value `color`, the pixel plotting operation may look like this:

```c
memcpy(&pixels[row][column], &color, sizeof(color));
```

This `memcpy()` operation copies the value of `color` into the memory location of the specified pixel, effectively plotting that color at the given position.

It's worth noting that in more advanced graphics programming, especially in libraries or frameworks specific to graphics rendering, there may be specialized functions or APIs available for pixel plotting that provide additional functionality, such as alpha blending, anti-aliasing, or pixel format conversions. However, at a fundamental level, `memcpy()` or similar memory copy functions are used to manipulate pixel data when plotting directly onto a pixel buffer or framebuffer.




The C function used more often than `memcpy()` for pixel plotting and manipulation is typically `memset()`. 

`memset()` is a standard library function that sets a block of memory to a specific value, which is often used to initialize or clear memory regions efficiently. While it is primarily used for initializing memory with a constant value, it can also be employed for pixel manipulation tasks that involve setting pixel values to a specific color or pattern.

In the context of pixel plotting and manipulation, `memset()` is commonly used when working with pixel buffers, such as framebuffers or image data arrays. It allows developers to efficiently set a block of memory to a specific pixel value or color, effectively filling a region with a solid color or pattern.

For example, when clearing a framebuffer or initializing an image buffer with a specific background color, `memset()` can be used to set all the pixels in the buffer to the desired color value. This operation can be done efficiently by setting the memory block in one continuous block rather than individually updating each pixel value.

While `memcpy()` is useful for copying pixel data between memory regions, `memset()` is more frequently used for bulk initialization or clearing of pixel data.

It's important to note that there may be other specialized functions or libraries specific to graphics or image processing that provide optimized pixel manipulation capabilities, depending on the project and its requirements.




The `memset()` function itself is not typically used directly for plotting pixels on the screen. However, it can be indirectly used in various open-source projects as part of the underlying mechanisms for pixel plotting or manipulation. Here are a few examples:

1. Framebuffer Libraries: Open-source framebuffer libraries like the Linux framebuffer API (`fbdev`) or DirectFB may utilize `memset()` as part of their internal routines for initializing or clearing framebuffer memory. While `memset()` is not directly used for plotting pixels, it can be employed to efficiently set memory regions to specific color values before rendering or blitting pixel data.

2. Graphics Libraries: Graphics libraries such as SDL (Simple DirectMedia Layer) or Allegro may employ `memset()` in conjunction with other functions for low-level pixel manipulation tasks. For example, `memset()` can be used to set the initial values of a pixel buffer before rendering operations or when clearing portions of a surface to a specific color.

3. Image Processing Libraries: Open-source image processing libraries like OpenCV, FreeImage, or ImageMagick may indirectly use `memset()` as part of their internal routines for pixel manipulation. While these libraries typically provide more advanced pixel-level operations, `memset()` can be used internally for initializing or clearing image buffers before processing.

It's important to note that while `memset()` can be used indirectly for pixel manipulation, these open-source projects often employ other specialized functions or algorithms specifically designed for graphics operations. These functions and algorithms can provide better performance and more advanced functionality for pixel plotting, blending, or manipulation.

While `memset()` itself is not primarily used for direct pixel plotting, it can play a supporting role in initializing or clearing pixel data in certain open-source projects that work with framebuffers, graphics, or image processing.




The `memcpy()` function is a widely used standard library function in C and C++ for memory copying. While it is not typically used directly for plotting pixels on the screen, it can be employed in various open-source projects as part of the underlying mechanisms for rendering or transferring pixel data.

Here are a few examples of open-source projects where `memcpy()` may be used in conjunction with other functions to facilitate pixel plotting or manipulation:

1. Framebuffer Libraries: Open-source framebuffer libraries like the Linux framebuffer API (`fbdev`) or DirectFB provide a direct interface for accessing the framebuffer device and performing pixel-level operations. `memcpy()` can be used to efficiently copy pixel data between memory buffers, allowing for fast pixel plotting or blitting operations.

2. Image Processing Libraries: Open-source image processing libraries such as OpenCV, FreeImage, or ImageMagick may use `memcpy()` as part of their internal routines for reading, writing, or manipulating image pixel data. These libraries often provide functions and utilities to handle pixel-level operations, and `memcpy()` can be utilized in these contexts for efficient memory copying.

3. Graphics Libraries: Graphics libraries like Cairo, SDL (Simple DirectMedia Layer), or Allegro may involve `memcpy()` when working with pixel data. For example, when rendering to a software surface or manipulating pixel buffers, `memcpy()` can be used to efficiently copy pixel values between different regions of memory.

It's important to note that while `memcpy()` can be used in pixel plotting or manipulation scenarios, these open-source projects typically utilize various other techniques and optimizations specific to their respective goals and requirements.

The specific use of `memcpy()` and its role in pixel plotting or manipulation can vary across projects and codebases. Developers often employ `memcpy()` in combination with other functions and algorithms to achieve efficient pixel processing and rendering in their projects.

