
Implementing a cache as a dictionary (`dict`) in Python offers several advantages:

1. **Fast Lookup**: Dictionaries in Python provide fast lookup time complexity (O(1)) for accessing elements by their keys. This allows efficient retrieval of cached data based on the provided key.

2. **Key-Value Mapping**: The key-value structure of a dictionary fits well with the concept of caching, where data is stored and accessed based on unique identifiers (keys). The key-value mapping allows for easy association between data and its corresponding identifier.

3. **Built-in Methods**: Dictionaries in Python come with built-in methods and functionalities that can be leveraged for cache operations. For example, you can check if a key exists in the dictionary using the `in` operator (`key in cache`) or remove an entry from the cache using the `del` keyword (`del cache[key]`).

4. **Flexibility**: Dictionaries provide flexibility in terms of the types of keys and values that can be stored. You can use various types as keys, such as strings, integers, or even custom objects (as long as they are hashable). This flexibility allows you to design the cache to suit your specific requirements.

5. **Ease of Implementation**: The simplicity of using a dictionary for caching makes it easy to implement and understand. Python's built-in dictionary data structure provides an efficient and convenient way to manage key-value pairs, making it a natural choice for caching.

It's worth noting that while dictionaries are a popular choice for caching, there are other data structures and caching strategies available depending on the specific use case. The choice of data structure for caching can depend on factors such as the desired eviction policy, memory requirements, and access patterns. However, dictionaries offer a good balance of simplicity, performance, and flexibility for many caching scenarios in Python.

