
Certainly! Here are a couple of examples that demonstrate how mutability helps us solve real-world problems:

1. Efficient Data Modification:
   Mutability allows for efficient modification of data structures. In scenarios where you need to update or modify large data collections frequently, using mutable objects can be more efficient than creating new objects every time. Mutable data structures, such as lists or dictionaries, can be modified in-place, avoiding the overhead of creating new objects and potentially saving memory and processing time.

2. Mutable Configuration Settings:
   In software development, mutable objects are often used to represent configuration settings. By using mutable objects, such as dictionaries or objects with mutable attributes, you can easily update or modify the configuration values during runtime. This flexibility allows you to adjust the behavior of your application on-the-fly without restarting it, making it convenient for dynamic configuration scenarios.

3. Complex Data Transformations:
   Mutability can be helpful when performing complex data transformations or manipulations. For example, if you have a large dataset that needs to undergo multiple processing steps, such as filtering, sorting, or aggregating, using mutable objects can allow you to modify the data in-place at each step. This can improve performance by avoiding the need to create intermediate copies of the data, especially when dealing with large datasets.

4. Real-time Collaboration:
   In collaborative applications or systems where multiple users are working on shared data simultaneously, mutability enables real-time updates and synchronization. By using mutable objects, such as shared data structures or objects with mutable attributes, changes made by one user can be reflected immediately to other users, allowing for real-time collaboration and communication.

5. Mutable State in Stateful Systems:
   In stateful systems or applications that maintain and update internal state, mutability is essential. Mutable objects enable the representation and modification of stateful information, such as the current state of a game, user session data, or transactional data in a database. Mutability allows for updating the state over time, ensuring that the system can adapt and respond to changing conditions or user interactions.

These are just a few examples of how mutability can help us solve real-world problems by providing flexibility, efficiency, and the ability to modify data structures and state in various scenarios.

