
Hashability in Python plays a crucial role in various real-world scenarios. Here are a couple of examples where hashability helps us solve practical problems:

1. Efficient Lookup and Retrieval:
   Hashability enables efficient lookup and retrieval of data in data structures such as dictionaries and sets. By using hashable objects as keys in dictionaries or elements in sets, Python can quickly compute hash values and perform constant-time lookups. This is beneficial when you need to store and retrieve data based on unique identifiers or keys.

2. Caching and Memoization:
   Hashability is essential for caching and memoization techniques. Caching involves storing the results of expensive function calls based on their input arguments. By hashing the function arguments, you can use a hashable object as a key to cache the result. Subsequent function calls with the same arguments can directly retrieve the cached result using the hash value, improving performance by avoiding redundant computations.

3. Data Integrity and Validation:
   Hashability is useful for ensuring data integrity and validating the integrity of data structures or files. For example, hash functions like MD5 or SHA-256 can compute unique hash values for data, allowing you to verify if the data has been modified or corrupted. Hashing is commonly used in applications such as data checksums, password hashing, and digital signatures.

4. Set Membership and Equality:
   Hashability enables efficient set membership tests and equality comparisons. By using hashable objects as elements in sets, Python can quickly determine whether an object is present in the set by computing its hash value and performing a lookup. Hashability also helps determine the equality of objects, as hashable objects can be compared for equality using their hash values.

5. Key-Based Data Structures and Algorithms:
   Hashability is fundamental for key-based data structures and algorithms, such as hash tables or hash-based indexing. These data structures rely on hash functions to distribute and organize data efficiently. Hashability allows objects to serve as keys for indexing and retrieval, enabling fast and scalable data access.

These examples demonstrate how hashability in Python helps us solve real-world problems related to efficient lookup, caching, data integrity, set operations, key-based data structures, and more. Hashability enables optimized algorithms and data structures that rely on hashing techniques, enhancing performance and providing valuable functionality for various applications.

