
Unordered sets, also known as sets in Python, provide a collection of unique elements without any specific order. Here are a couple of examples where unordered sets can help us solve real-world problems:

1. Membership Testing and Deduplication:
   Sets are particularly useful for membership testing and deduplication tasks. For instance, you may have a large collection of data and want to quickly determine whether a specific item is present in the collection. By storing the data in a set, you can perform efficient membership tests, as sets offer constant-time lookup operations. Additionally, sets automatically handle duplicate elements by only keeping unique elements, allowing you to easily eliminate duplicates from a collection.

2. Filtering and Intersection of Data:
   Sets are beneficial for filtering and finding common elements across different datasets. For example, if you have two lists or collections and want to find the common elements between them, you can convert each collection to a set and perform the intersection operation. The resulting set will contain only the elements that appear in both collections, simplifying the task of finding common items.

3. Set Operations and Mathematics:
   Sets in Python support various set operations such as union, intersection, difference, and symmetric difference. These operations allow you to perform set-based calculations and comparisons. For instance, you can combine multiple sets using the union operation, find common elements using the intersection operation, or identify unique elements across sets using the difference or symmetric difference operations. These set operations are handy in tasks that involve set theory and mathematical calculations.

4. Tagging and Categorization:
   Sets can be used for tagging or categorizing items based on specific characteristics. For example, in a content management system or social media application, you may have a set of tags associated with each post or item. Sets allow you to store these tags efficiently, check for the presence of specific tags, or perform operations like finding common tags across multiple items.

5. Eliminating Order Dependence and Tracking Unique Values:
   Unordered sets help eliminate order dependence and track unique values effectively. For instance, when processing user input or collecting data from multiple sources, sets allow you to store unique values without being concerned about the order in which the values are encountered. This can be useful in scenarios where maintaining the uniqueness of values is important, regardless of their order of appearance.

These examples highlight some practical applications of unordered sets in solving real-world problems related to membership testing, deduplication, filtering, set operations, tagging, categorization, and tracking unique values. Sets offer efficient operations and convenient functionality for tasks that involve managing collections of unique elements without any specific order.

