
The fact that tuples can be converted to lists does not diminish their value. Tuples have some advantages over lists in certain scenarios:

1. Immutability: Tuples are useful when you need to represent a collection of values that should not be modified. This immutability provides benefits in terms of data integrity and program correctness, as it prevents accidental modifications to the data.

2. Performance: Tuples are generally more memory-efficient and faster to access compared to lists. Since tuples are immutable, Python can optimize their storage and access mechanisms, leading to better performance in certain situations.

3. Sequence packing and unpacking: Tuples support sequence packing and unpacking, which allows multiple values to be grouped together or assigned to multiple variables in a single operation. This feature can be handy in various contexts, such as function returns and multiple variable assignments.

So, while it is possible to convert a tuple to a list for mutable operations, the choice between tuples and lists depends on the specific requirements of your program. Tuples are valuable for scenarios where immutability, performance, or sequence packing/unpacking are advantageous, while lists provide the flexibility of mutable operations.

