
In theory, it is possible for a device to reach a state where it has no available memory during runtime due to inefficient memory use and memory leaks. If memory leaks continually occur, memory can be gradually consumed without being released, leading to memory exhaustion over time.

However, modern operating systems employ mechanisms to prevent a device from reaching a complete lack of available memory, even in the presence of memory leaks. These mechanisms help ensure system stability and prevent crashes due to memory exhaustion.

Virtual Memory: Most operating systems use virtual memory, which allows them to allocate memory beyond the physical limits of the device's RAM. Virtual memory uses disk space as an extension of physical memory, creating a larger effective memory space. When physical memory becomes scarce due to leaks or high usage, the operating system can swap out less frequently used data from RAM to disk to free up space for other processes.

Memory Management: Operating systems have memory management systems responsible for managing and allocating memory resources. They typically employ algorithms such as paging and swapping to efficiently allocate and reclaim memory. The memory management system keeps track of allocated memory and identifies memory leaks or inefficient memory use.

Out-of-Memory Handling: When the available memory becomes critically low, the operating system may employ out-of-memory handling mechanisms. These mechanisms may include terminating or suspending processes that consume excessive memory or denying memory allocation requests from processes that are causing memory pressure. This helps prevent a complete depletion of memory resources and ensures that critical system processes have enough memory to operate.

While these mechanisms help prevent a device from completely running out of memory, it is still crucial to address memory leaks and inefficient memory use in software. Continuous memory leaks or inefficient memory management can degrade system performance, cause excessive swapping, and impact overall responsiveness. It's good practice to develop software that effectively manages memory resources and avoids unnecessary leaks to ensure optimal performance and stability.

