
Frozensets in Python provide a set-like data structure with immutability. Here are a couple of examples of real-world problems where frozensets can be useful:

1. Hashable Keys in Dictionaries:
   Frozensets can be used as keys in dictionaries because they are hashable. This can be valuable when you need to create a dictionary where the keys represent a collection of items that should be treated as a single entity. For example, if you're working with a graph and need to store information for each set of connected nodes, you can use frozensets as keys in a dictionary to map the node sets to their associated data.

2. Set Membership in Data Analysis:
   Frozensets are useful in scenarios where you want to check set membership efficiently, especially in data analysis tasks. For instance, if you have a large collection of items and need to determine if an item belongs to a specific predefined set, using a frozenset for the predefined set and performing membership tests can provide faster lookup times compared to other data structures like lists or sets.

3. Immutable Set Operations:
   Frozensets allow you to perform set operations like intersection, union, difference, and symmetric difference in an immutable manner. This can be beneficial when you want to create a new set based on the combination of existing sets without modifying the original sets. Immutable set operations can be useful in scenarios where you need to maintain the integrity of data or ensure consistency in calculations.

4. Immutable Data Structures:
   Frozensets can be used to represent collections of items that should not be modified once created. Immutable data structures provide benefits in terms of data integrity, thread safety, and ease of reasoning about the data. For example, if you have a predefined set of values that should remain constant throughout your program, using a frozenset ensures that the set cannot be modified accidentally or intentionally.

5. Caching and Memoization:
   Frozensets can be employed in caching and memoization scenarios, similar to other immutable data structures. If the inputs to a function can be represented as sets and the function's results can be cached, using frozensets as keys in the cache can simplify the lookup process, as frozensets are hashable and can be used as cache keys.

These examples illustrate some real-world use cases where frozensets in Python can be helpful, such as using them as hashable keys, efficient set membership checks, immutable set operations, creating immutable data structures, and supporting caching and memoization. Frozensets provide a convenient way to work with immutable sets in various applications, leveraging the benefits of immutability and set operations.

