




Certainly! Here are a couple of examples that demonstrate how immutability helps us solve real-world problems:

1. Data Integrity and Consistency:
   Immutability ensures that once an object is created, its value cannot be modified. This property is beneficial in scenarios where data integrity and consistency are critical. For example, in financial systems or transaction processing, using immutable objects guarantees that transaction records or financial calculations cannot be accidentally or maliciously altered, maintaining the integrity of the data.

2. Concurrency and Parallelism:
   Immutability plays a significant role in concurrent and parallel programming. Immutable objects can be safely shared among multiple threads or processes without the need for locking or synchronization mechanisms. Since they cannot be modified, there are no concerns about data races or conflicts. This simplifies the development of concurrent or parallel applications and enhances their correctness and performance.

3. Functional Programming Paradigm:
   Immutability is a fundamental principle in functional programming, where immutable objects and pure functions are emphasized. In functional programming, functions do not have side effects and operate solely on their inputs, producing consistent outputs. Immutable objects facilitate the creation of pure functions, making programs more predictable, easier to reason about, and less prone to bugs.

4. Memoization and Caching:
   Immutability is useful in memoization and caching techniques, where results of expensive computations or function calls are stored for later reuse. By using immutable objects as keys in a cache data structure, you can ensure that the cached results remain valid. Immutability guarantees that the key's value won't change, allowing efficient lookup and reuse of cached values.

5. Testing and Debugging:
   Immutable objects simplify testing and debugging processes. Since their values cannot be modified, you can reason about their behavior more easily. Immutable objects facilitate writing test cases that produce consistent results and make it easier to isolate and reproduce bugs. They help improve code quality, maintainability, and the ability to reason about the program's behavior.

These examples illustrate some of the benefits of immutability in ensuring data integrity, simplifying concurrency, supporting functional programming principles, optimizing performance through memoization, and enhancing testing and debugging processes. Immutability provides guarantees and properties that help solve real-world problems in various domains and scenarios.

