
In Python, identity hashing refers to the hash value computed based on an object's identity, which is its memory address. While identity hashing is not commonly used directly for solving real-world problems, it provides a foundation for certain operations and scenarios. Here are a couple of examples where identity hashing, along with object identity, plays a role in solving real-world problems:

1. Object Identity and Uniqueness:
   Identity hashing helps determine the uniqueness of objects based on their memory address. Each object in Python has a unique identity, represented by its memory address. Identity hashing allows you to compare objects based on their identity, not just their values or attributes. This can be useful in scenarios where you need to differentiate between objects that may have the same values but are distinct entities.

2. Caching and Memoization:
   Identity hashing is often used in caching and memoization techniques to efficiently store and retrieve cached results based on object identity. Instead of relying on the hash value of an object's value, identity hashing allows caching based on the specific instance of the object. This ensures that distinct objects with the same values are treated separately in the cache, avoiding potential collisions.

3. Object-Oriented Programming:
   Object identity and identity hashing play a fundamental role in object-oriented programming paradigms. They allow for operations like object comparison, reference tracking, and the ability to manipulate objects based on their identity. For example, you can use object identity to track object references, manage object lifetimes, or determine if two references point to the same underlying object.

4. Low-Level Operations and Optimizations:
   Identity hashing is also important in low-level operations or optimizations that rely on object identity. In certain scenarios, you may need to perform operations or optimizations based on the memory address or identity of objects. This can include low-level data manipulation, memory management, or custom algorithms that leverage object identity for efficiency or specific requirements.

While identity hashing itself may not be directly utilized in solving real-world problems, understanding object identity and how it relates to hashing allows you to leverage it in scenarios where distinguishing objects based on identity or memory address is necessary. Object identity provides a mechanism for uniqueness and low-level operations, enabling efficient caching, object comparison, reference tracking, and customization in Python applications.

